
Microsoft Visual Studio Solution File, Format Version 12.00
# Visual Studio Version 17
VisualStudioVersion = 17.9.34701.34
MinimumVisualStudioVersion = 10.0.40219.1
Project("{FAE04EC0-301F-11D3-BF4B-00C04F79EFBC}") = "P03_Nutzereingaben", "P03_Nutzereingaben\P03_Nutzereingaben.csproj", "{375E476B-B797-483D-9C35-E366E0F2BCC4}"
EndProject
Project("{FAE04EC0-301F-11D3-BF4B-00C04F79EFBC}") = "P04_Array", "P04_Array\P04_Array.csproj", "{98A416E6-95EC-4A03-98FB-A4F4D3027B41}"
EndProject
Global
	GlobalSection(SolutionConfigurationPlatforms) = preSolution
		Debug|Any CPU = Debug|Any CPU
		Release|Any CPU = Release|Any CPU
	EndGlobalSection
	GlobalSection(ProjectConfigurationPlatforms) = postSolution
		{375E476B-B797-483D-9C35-E366E0F2BCC4}.Debug|Any CPU.ActiveCfg = Debug|Any CPU
		{375E476B-B797-483D-9C35-E366E0F2BCC4}.Debug|Any CPU.Build.0 = Debug|Any CPU
		{375E476B-B797-483D-9C35-E366E0F2BCC4}.Release|Any CPU.ActiveCfg = Release|Any CPU
		{375E476B-B797-483D-9C35-E366E0F2BCC4}.Release|Any CPU.Build.0 = Release|Any CPU
		{98A416E6-95EC-4A03-98FB-A4F4D3027B41}.Debug|Any CPU.ActiveCfg = Debug|Any CPU
		{98A416E6-95EC-4A03-98FB-A4F4D3027B41}.Debug|Any CPU.Build.0 = Debug|Any CPU
		{98A416E6-95EC-4A03-98FB-A4F4D3027B41}.Release|Any CPU.ActiveCfg = Release|Any CPU
		{98A416E6-95EC-4A03-98FB-A4F4D3027B41}.Release|Any CPU.Build.0 = Release|Any CPU
	EndGlobalSection
	GlobalSection(SolutionProperties) = preSolution
		HideSolutionNode = FALSE
	EndGlobalSection
	GlobalSection(ExtensibilityGlobals) = postSolution
		SolutionGuid = {C0B44BB5-C047-48DD-8400-8A4E35E6C35A}
	EndGlobalSection
EndGlobal
