
Microsoft Visual Studio Solution File, Format Version 12.00
# Visual Studio Version 17
VisualStudioVersion = 17.9.34701.34
MinimumVisualStudioVersion = 10.0.40219.1
Project("{9A19103F-16F7-4668-BE54-9A1E7A4F7556}") = "P03_Nutzereingaben", "P03_Nutzereingaben\P03_Nutzereingaben.csproj", "{375E476B-B797-483D-9C35-E366E0F2BCC4}"
EndProject
Project("{9A19103F-16F7-4668-BE54-9A1E7A4F7556}") = "P04_Array", "P04_Array\P04_Array.csproj", "{98A416E6-95EC-4A03-98FB-A4F4D3027B41}"
EndProject
Project("{9A19103F-16F7-4668-BE54-9A1E7A4F7556}") = "P05_Schleifen", "P05_Schleifen\P05_Schleifen.csproj", "{0C005E14-71AD-4A4F-927A-116E73022ED9}"
EndProject
Project("{9A19103F-16F7-4668-BE54-9A1E7A4F7556}") = "P06_IfStatements", "P06_IfStatements\P06_IfStatements.csproj", "{8C8E0E91-AC02-48C8-B871-B03CE1328C30}"
EndProject
Project("{9A19103F-16F7-4668-BE54-9A1E7A4F7556}") = "P07_Project_ToDoList", "P07_Project_ToDoList\P07_Project_ToDoList.csproj", "{FC58DA52-EBBB-4DC5-83D2-55A7160B3107}"
EndProject
Project("{9A19103F-16F7-4668-BE54-9A1E7A4F7556}") = "P08_OOP_Teil1", "P08_OOP_Teil1\P08_OOP_Teil1.csproj", "{C09E48DA-DEA7-4CA4-A14D-12D3DB502C1F}"
EndProject
Project("{9A19103F-16F7-4668-BE54-9A1E7A4F7556}") = "P09_Project_BankAccount", "P09_Project_BankAccount\P09_Project_BankAccount.csproj", "{452FDB2B-EDE0-414D-B076-416325FB50E8}"
EndProject
Project("{9A19103F-16F7-4668-BE54-9A1E7A4F7556}") = "P10_Listen", "P10_Listen\P10_Listen.csproj", "{49F2B1A9-044E-41FD-9757-8414F9C4A682}"
EndProject
Project("{9A19103F-16F7-4668-BE54-9A1E7A4F7556}") = "P10_Zusatz_Project_Students", "P10_Zusatz_Project_Students\P10_Zusatz_Project_Students.csproj", "{097F8143-4CD4-4D06-B9E5-981E75C266B2}"
EndProject
Project("{9A19103F-16F7-4668-BE54-9A1E7A4F7556}") = "P10_Zusatz_Exercise", "P10_Zusatz_Exercise\P10_Zusatz_Exercise.csproj", "{D073B790-71D2-44BE-AF4D-6F405992BE28}"
EndProject
Project("{FAE04EC0-301F-11D3-BF4B-00C04F79EFBC}") = "P11_WPF_ WeatherApp", "P11_WPF_ WeatherApp\P11_WPF_ WeatherApp.csproj", "{65FBCE8D-3DA6-4D53-94F9-AE3F2B6DC38A}"
EndProject
Project("{FAE04EC0-301F-11D3-BF4B-00C04F79EFBC}") = "P12_Dictionaries", "P12_Dictionaries\P12_Dictionaries.csproj", "{DEE86078-53AF-4436-A210-A2A24DC9A0C2}"
EndProject
Project("{FAE04EC0-301F-11D3-BF4B-00C04F79EFBC}") = "P12_Quiz_Klasse", "P12_Quiz_Klasse\P12_Quiz_Klasse.csproj", "{A4EE2346-E69F-48B3-9A09-DF9597EA2704}"
EndProject
Project("{FAE04EC0-301F-11D3-BF4B-00C04F79EFBC}") = "P12_Dictionaries_UseCase", "P12_Dictionaries_UseCase\P12_Dictionaries_UseCase.csproj", "{CFFC42EE-0777-49BD-A72E-2A73A6C0A018}"
EndProject
Project("{FAE04EC0-301F-11D3-BF4B-00C04F79EFBC}") = "P13_Switch_Enum", "P13_Switch_Enum\P13_Switch_Enum.csproj", "{13ABD4EC-7FBA-4E34-842D-A74C33482119}"
EndProject
Project("{FAE04EC0-301F-11D3-BF4B-00C04F79EFBC}") = "P14_ErweiterteSchleifenTechnik", "P14_ErweiterteSchleifenTechnik\P14_ErweiterteSchleifenTechnik.csproj", "{E1134FEB-344B-41F1-8A82-31B90F11F057}"
EndProject
Project("{FAE04EC0-301F-11D3-BF4B-00C04F79EFBC}") = "P15_IO_DateienOrdnerPfade", "P15_IO_DateienOrdnerPfade\P15_IO_DateienOrdnerPfade.csproj", "{A096B294-08D8-4432-B269-7073D99F2B2A}"
EndProject
Global
	GlobalSection(SolutionConfigurationPlatforms) = preSolution
		Debug|Any CPU = Debug|Any CPU
		Release|Any CPU = Release|Any CPU
	EndGlobalSection
	GlobalSection(ProjectConfigurationPlatforms) = postSolution
		{375E476B-B797-483D-9C35-E366E0F2BCC4}.Debug|Any CPU.ActiveCfg = Debug|Any CPU
		{375E476B-B797-483D-9C35-E366E0F2BCC4}.Debug|Any CPU.Build.0 = Debug|Any CPU
		{375E476B-B797-483D-9C35-E366E0F2BCC4}.Release|Any CPU.ActiveCfg = Release|Any CPU
		{375E476B-B797-483D-9C35-E366E0F2BCC4}.Release|Any CPU.Build.0 = Release|Any CPU
		{98A416E6-95EC-4A03-98FB-A4F4D3027B41}.Debug|Any CPU.ActiveCfg = Debug|Any CPU
		{98A416E6-95EC-4A03-98FB-A4F4D3027B41}.Debug|Any CPU.Build.0 = Debug|Any CPU
		{98A416E6-95EC-4A03-98FB-A4F4D3027B41}.Release|Any CPU.ActiveCfg = Release|Any CPU
		{98A416E6-95EC-4A03-98FB-A4F4D3027B41}.Release|Any CPU.Build.0 = Release|Any CPU
		{0C005E14-71AD-4A4F-927A-116E73022ED9}.Debug|Any CPU.ActiveCfg = Debug|Any CPU
		{0C005E14-71AD-4A4F-927A-116E73022ED9}.Debug|Any CPU.Build.0 = Debug|Any CPU
		{0C005E14-71AD-4A4F-927A-116E73022ED9}.Release|Any CPU.ActiveCfg = Release|Any CPU
		{0C005E14-71AD-4A4F-927A-116E73022ED9}.Release|Any CPU.Build.0 = Release|Any CPU
		{8C8E0E91-AC02-48C8-B871-B03CE1328C30}.Debug|Any CPU.ActiveCfg = Debug|Any CPU
		{8C8E0E91-AC02-48C8-B871-B03CE1328C30}.Debug|Any CPU.Build.0 = Debug|Any CPU
		{8C8E0E91-AC02-48C8-B871-B03CE1328C30}.Release|Any CPU.ActiveCfg = Release|Any CPU
		{8C8E0E91-AC02-48C8-B871-B03CE1328C30}.Release|Any CPU.Build.0 = Release|Any CPU
		{FC58DA52-EBBB-4DC5-83D2-55A7160B3107}.Debug|Any CPU.ActiveCfg = Debug|Any CPU
		{FC58DA52-EBBB-4DC5-83D2-55A7160B3107}.Debug|Any CPU.Build.0 = Debug|Any CPU
		{FC58DA52-EBBB-4DC5-83D2-55A7160B3107}.Release|Any CPU.ActiveCfg = Release|Any CPU
		{FC58DA52-EBBB-4DC5-83D2-55A7160B3107}.Release|Any CPU.Build.0 = Release|Any CPU
		{C09E48DA-DEA7-4CA4-A14D-12D3DB502C1F}.Debug|Any CPU.ActiveCfg = Debug|Any CPU
		{C09E48DA-DEA7-4CA4-A14D-12D3DB502C1F}.Debug|Any CPU.Build.0 = Debug|Any CPU
		{C09E48DA-DEA7-4CA4-A14D-12D3DB502C1F}.Release|Any CPU.ActiveCfg = Release|Any CPU
		{C09E48DA-DEA7-4CA4-A14D-12D3DB502C1F}.Release|Any CPU.Build.0 = Release|Any CPU
		{452FDB2B-EDE0-414D-B076-416325FB50E8}.Debug|Any CPU.ActiveCfg = Debug|Any CPU
		{452FDB2B-EDE0-414D-B076-416325FB50E8}.Debug|Any CPU.Build.0 = Debug|Any CPU
		{452FDB2B-EDE0-414D-B076-416325FB50E8}.Release|Any CPU.ActiveCfg = Release|Any CPU
		{452FDB2B-EDE0-414D-B076-416325FB50E8}.Release|Any CPU.Build.0 = Release|Any CPU
		{49F2B1A9-044E-41FD-9757-8414F9C4A682}.Debug|Any CPU.ActiveCfg = Debug|Any CPU
		{49F2B1A9-044E-41FD-9757-8414F9C4A682}.Debug|Any CPU.Build.0 = Debug|Any CPU
		{49F2B1A9-044E-41FD-9757-8414F9C4A682}.Release|Any CPU.ActiveCfg = Release|Any CPU
		{49F2B1A9-044E-41FD-9757-8414F9C4A682}.Release|Any CPU.Build.0 = Release|Any CPU
		{097F8143-4CD4-4D06-B9E5-981E75C266B2}.Debug|Any CPU.ActiveCfg = Debug|Any CPU
		{097F8143-4CD4-4D06-B9E5-981E75C266B2}.Debug|Any CPU.Build.0 = Debug|Any CPU
		{097F8143-4CD4-4D06-B9E5-981E75C266B2}.Release|Any CPU.ActiveCfg = Release|Any CPU
		{097F8143-4CD4-4D06-B9E5-981E75C266B2}.Release|Any CPU.Build.0 = Release|Any CPU
		{D073B790-71D2-44BE-AF4D-6F405992BE28}.Debug|Any CPU.ActiveCfg = Debug|Any CPU
		{D073B790-71D2-44BE-AF4D-6F405992BE28}.Debug|Any CPU.Build.0 = Debug|Any CPU
		{D073B790-71D2-44BE-AF4D-6F405992BE28}.Release|Any CPU.ActiveCfg = Release|Any CPU
		{D073B790-71D2-44BE-AF4D-6F405992BE28}.Release|Any CPU.Build.0 = Release|Any CPU
		{65FBCE8D-3DA6-4D53-94F9-AE3F2B6DC38A}.Debug|Any CPU.ActiveCfg = Debug|Any CPU
		{65FBCE8D-3DA6-4D53-94F9-AE3F2B6DC38A}.Debug|Any CPU.Build.0 = Debug|Any CPU
		{65FBCE8D-3DA6-4D53-94F9-AE3F2B6DC38A}.Release|Any CPU.ActiveCfg = Release|Any CPU
		{65FBCE8D-3DA6-4D53-94F9-AE3F2B6DC38A}.Release|Any CPU.Build.0 = Release|Any CPU
		{DEE86078-53AF-4436-A210-A2A24DC9A0C2}.Debug|Any CPU.ActiveCfg = Debug|Any CPU
		{DEE86078-53AF-4436-A210-A2A24DC9A0C2}.Debug|Any CPU.Build.0 = Debug|Any CPU
		{DEE86078-53AF-4436-A210-A2A24DC9A0C2}.Release|Any CPU.ActiveCfg = Release|Any CPU
		{DEE86078-53AF-4436-A210-A2A24DC9A0C2}.Release|Any CPU.Build.0 = Release|Any CPU
		{A4EE2346-E69F-48B3-9A09-DF9597EA2704}.Debug|Any CPU.ActiveCfg = Debug|Any CPU
		{A4EE2346-E69F-48B3-9A09-DF9597EA2704}.Debug|Any CPU.Build.0 = Debug|Any CPU
		{A4EE2346-E69F-48B3-9A09-DF9597EA2704}.Release|Any CPU.ActiveCfg = Release|Any CPU
		{A4EE2346-E69F-48B3-9A09-DF9597EA2704}.Release|Any CPU.Build.0 = Release|Any CPU
		{CFFC42EE-0777-49BD-A72E-2A73A6C0A018}.Debug|Any CPU.ActiveCfg = Debug|Any CPU
		{CFFC42EE-0777-49BD-A72E-2A73A6C0A018}.Debug|Any CPU.Build.0 = Debug|Any CPU
		{CFFC42EE-0777-49BD-A72E-2A73A6C0A018}.Release|Any CPU.ActiveCfg = Release|Any CPU
		{CFFC42EE-0777-49BD-A72E-2A73A6C0A018}.Release|Any CPU.Build.0 = Release|Any CPU
		{13ABD4EC-7FBA-4E34-842D-A74C33482119}.Debug|Any CPU.ActiveCfg = Debug|Any CPU
		{13ABD4EC-7FBA-4E34-842D-A74C33482119}.Debug|Any CPU.Build.0 = Debug|Any CPU
		{13ABD4EC-7FBA-4E34-842D-A74C33482119}.Release|Any CPU.ActiveCfg = Release|Any CPU
		{13ABD4EC-7FBA-4E34-842D-A74C33482119}.Release|Any CPU.Build.0 = Release|Any CPU
		{E1134FEB-344B-41F1-8A82-31B90F11F057}.Debug|Any CPU.ActiveCfg = Debug|Any CPU
		{E1134FEB-344B-41F1-8A82-31B90F11F057}.Debug|Any CPU.Build.0 = Debug|Any CPU
		{E1134FEB-344B-41F1-8A82-31B90F11F057}.Release|Any CPU.ActiveCfg = Release|Any CPU
		{E1134FEB-344B-41F1-8A82-31B90F11F057}.Release|Any CPU.Build.0 = Release|Any CPU
		{A096B294-08D8-4432-B269-7073D99F2B2A}.Debug|Any CPU.ActiveCfg = Debug|Any CPU
		{A096B294-08D8-4432-B269-7073D99F2B2A}.Debug|Any CPU.Build.0 = Debug|Any CPU
		{A096B294-08D8-4432-B269-7073D99F2B2A}.Release|Any CPU.ActiveCfg = Release|Any CPU
		{A096B294-08D8-4432-B269-7073D99F2B2A}.Release|Any CPU.Build.0 = Release|Any CPU
	EndGlobalSection
	GlobalSection(SolutionProperties) = preSolution
		HideSolutionNode = FALSE
	EndGlobalSection
	GlobalSection(ExtensibilityGlobals) = postSolution
		SolutionGuid = {C0B44BB5-C047-48DD-8400-8A4E35E6C35A}
	EndGlobalSection
EndGlobal
